
Microsoft Visual Studio Solution File, Format Version 12.00
# Visual Studio Version 17
VisualStudioVersion = 17.4.33205.214
MinimumVisualStudioVersion = 10.0.40219.1
Project("{2150E333-8FDC-42A3-9474-1A3956D46DE8}") = "Infrastructure", "Infrastructure", "{426324C7-2482-4537-9854-FC6783A0149E}"
EndProject
Project("{2150E333-8FDC-42A3-9474-1A3956D46DE8}") = "Database", "Database", "{E1C01005-1DC1-4966-940E-1272913D497F}"
EndProject
Project("{00D1A9C2-B5F0-4AF3-8072-F6C62B433612}") = "Tenant", "Database\AppAuthen\Tenant.sqlproj", "{F80E399B-01E6-428D-9D42-E44D19CBAD5E}"
EndProject
Project("{00D1A9C2-B5F0-4AF3-8072-F6C62B433612}") = "Mpigs", "Database\Mpigs\Mpigs.sqlproj", "{2A5D558E-D00F-484B-85E8-476083A72CDD}"
EndProject
Project("{00D1A9C2-B5F0-4AF3-8072-F6C62B433612}") = "Warehouse", "Database\Warehouse\Warehouse.sqlproj", "{F5E885DD-6BFD-414D-8037-07CE21656103}"
EndProject
Project("{2150E333-8FDC-42A3-9474-1A3956D46DE8}") = "Applications", "Applications", "{D9EBC049-163A-44AC-A853-80150EE69F92}"
EndProject
Project("{9A19103F-16F7-4668-BE54-9A1E7A4F7556}") = "App.Auth", "Applications\App.Auth\App.Auth.csproj", "{649E0802-B27A-4D71-8489-5CB2903D97CD}"
EndProject
Project("{9A19103F-16F7-4668-BE54-9A1E7A4F7556}") = "App.Core", "Applications\App.Core\App.Core.csproj", "{D1AEFBCA-B19B-450F-AE34-E66A531A3E4F}"
EndProject
Project("{9A19103F-16F7-4668-BE54-9A1E7A4F7556}") = "App.Host", "App.Host\App.Host.csproj", "{A8965FFD-94B0-4DE8-B415-BD485E63EF29}"
EndProject
Project("{9A19103F-16F7-4668-BE54-9A1E7A4F7556}") = "DAL", "Infrastructure\DAL\DAL.csproj", "{DDC91CF6-9CBF-4933-9371-FDAC9E5DA66C}"
EndProject
Project("{9A19103F-16F7-4668-BE54-9A1E7A4F7556}") = "Infrastructure", "Infrastructure\Infrastructure\Infrastructure.csproj", "{3EB1AFD9-D01B-4A93-A3CA-7C5BB82A0680}"
EndProject
Project("{9A19103F-16F7-4668-BE54-9A1E7A4F7556}") = "Helper", "Infrastructure\Helper\Helper.csproj", "{4A7D1331-7B65-425C-AB25-EE068F6CB6D6}"
EndProject
Global
	GlobalSection(SolutionConfigurationPlatforms) = preSolution
		Debug|Any CPU = Debug|Any CPU
		Release|Any CPU = Release|Any CPU
	EndGlobalSection
	GlobalSection(ProjectConfigurationPlatforms) = postSolution
		{F80E399B-01E6-428D-9D42-E44D19CBAD5E}.Debug|Any CPU.ActiveCfg = Debug|Any CPU
		{F80E399B-01E6-428D-9D42-E44D19CBAD5E}.Debug|Any CPU.Build.0 = Debug|Any CPU
		{F80E399B-01E6-428D-9D42-E44D19CBAD5E}.Debug|Any CPU.Deploy.0 = Debug|Any CPU
		{F80E399B-01E6-428D-9D42-E44D19CBAD5E}.Release|Any CPU.ActiveCfg = Release|Any CPU
		{F80E399B-01E6-428D-9D42-E44D19CBAD5E}.Release|Any CPU.Build.0 = Release|Any CPU
		{F80E399B-01E6-428D-9D42-E44D19CBAD5E}.Release|Any CPU.Deploy.0 = Release|Any CPU
		{2A5D558E-D00F-484B-85E8-476083A72CDD}.Debug|Any CPU.ActiveCfg = Debug|Any CPU
		{2A5D558E-D00F-484B-85E8-476083A72CDD}.Debug|Any CPU.Build.0 = Debug|Any CPU
		{2A5D558E-D00F-484B-85E8-476083A72CDD}.Debug|Any CPU.Deploy.0 = Debug|Any CPU
		{2A5D558E-D00F-484B-85E8-476083A72CDD}.Release|Any CPU.ActiveCfg = Release|Any CPU
		{2A5D558E-D00F-484B-85E8-476083A72CDD}.Release|Any CPU.Build.0 = Release|Any CPU
		{2A5D558E-D00F-484B-85E8-476083A72CDD}.Release|Any CPU.Deploy.0 = Release|Any CPU
		{F5E885DD-6BFD-414D-8037-07CE21656103}.Debug|Any CPU.ActiveCfg = Debug|Any CPU
		{F5E885DD-6BFD-414D-8037-07CE21656103}.Debug|Any CPU.Build.0 = Debug|Any CPU
		{F5E885DD-6BFD-414D-8037-07CE21656103}.Debug|Any CPU.Deploy.0 = Debug|Any CPU
		{F5E885DD-6BFD-414D-8037-07CE21656103}.Release|Any CPU.ActiveCfg = Release|Any CPU
		{F5E885DD-6BFD-414D-8037-07CE21656103}.Release|Any CPU.Build.0 = Release|Any CPU
		{F5E885DD-6BFD-414D-8037-07CE21656103}.Release|Any CPU.Deploy.0 = Release|Any CPU
		{649E0802-B27A-4D71-8489-5CB2903D97CD}.Debug|Any CPU.ActiveCfg = Debug|Any CPU
		{649E0802-B27A-4D71-8489-5CB2903D97CD}.Debug|Any CPU.Build.0 = Debug|Any CPU
		{649E0802-B27A-4D71-8489-5CB2903D97CD}.Release|Any CPU.ActiveCfg = Release|Any CPU
		{649E0802-B27A-4D71-8489-5CB2903D97CD}.Release|Any CPU.Build.0 = Release|Any CPU
		{D1AEFBCA-B19B-450F-AE34-E66A531A3E4F}.Debug|Any CPU.ActiveCfg = Debug|Any CPU
		{D1AEFBCA-B19B-450F-AE34-E66A531A3E4F}.Debug|Any CPU.Build.0 = Debug|Any CPU
		{D1AEFBCA-B19B-450F-AE34-E66A531A3E4F}.Release|Any CPU.ActiveCfg = Release|Any CPU
		{D1AEFBCA-B19B-450F-AE34-E66A531A3E4F}.Release|Any CPU.Build.0 = Release|Any CPU
		{A8965FFD-94B0-4DE8-B415-BD485E63EF29}.Debug|Any CPU.ActiveCfg = Debug|Any CPU
		{A8965FFD-94B0-4DE8-B415-BD485E63EF29}.Debug|Any CPU.Build.0 = Debug|Any CPU
		{A8965FFD-94B0-4DE8-B415-BD485E63EF29}.Release|Any CPU.ActiveCfg = Release|Any CPU
		{A8965FFD-94B0-4DE8-B415-BD485E63EF29}.Release|Any CPU.Build.0 = Release|Any CPU
		{DDC91CF6-9CBF-4933-9371-FDAC9E5DA66C}.Debug|Any CPU.ActiveCfg = Debug|Any CPU
		{DDC91CF6-9CBF-4933-9371-FDAC9E5DA66C}.Debug|Any CPU.Build.0 = Debug|Any CPU
		{DDC91CF6-9CBF-4933-9371-FDAC9E5DA66C}.Release|Any CPU.ActiveCfg = Release|Any CPU
		{DDC91CF6-9CBF-4933-9371-FDAC9E5DA66C}.Release|Any CPU.Build.0 = Release|Any CPU
		{3EB1AFD9-D01B-4A93-A3CA-7C5BB82A0680}.Debug|Any CPU.ActiveCfg = Debug|Any CPU
		{3EB1AFD9-D01B-4A93-A3CA-7C5BB82A0680}.Debug|Any CPU.Build.0 = Debug|Any CPU
		{3EB1AFD9-D01B-4A93-A3CA-7C5BB82A0680}.Release|Any CPU.ActiveCfg = Release|Any CPU
		{3EB1AFD9-D01B-4A93-A3CA-7C5BB82A0680}.Release|Any CPU.Build.0 = Release|Any CPU
		{4A7D1331-7B65-425C-AB25-EE068F6CB6D6}.Debug|Any CPU.ActiveCfg = Debug|Any CPU
		{4A7D1331-7B65-425C-AB25-EE068F6CB6D6}.Debug|Any CPU.Build.0 = Debug|Any CPU
		{4A7D1331-7B65-425C-AB25-EE068F6CB6D6}.Release|Any CPU.ActiveCfg = Release|Any CPU
		{4A7D1331-7B65-425C-AB25-EE068F6CB6D6}.Release|Any CPU.Build.0 = Release|Any CPU
	EndGlobalSection
	GlobalSection(SolutionProperties) = preSolution
		HideSolutionNode = FALSE
	EndGlobalSection
	GlobalSection(NestedProjects) = preSolution
		{F80E399B-01E6-428D-9D42-E44D19CBAD5E} = {E1C01005-1DC1-4966-940E-1272913D497F}
		{2A5D558E-D00F-484B-85E8-476083A72CDD} = {E1C01005-1DC1-4966-940E-1272913D497F}
		{F5E885DD-6BFD-414D-8037-07CE21656103} = {E1C01005-1DC1-4966-940E-1272913D497F}
		{649E0802-B27A-4D71-8489-5CB2903D97CD} = {D9EBC049-163A-44AC-A853-80150EE69F92}
		{D1AEFBCA-B19B-450F-AE34-E66A531A3E4F} = {D9EBC049-163A-44AC-A853-80150EE69F92}
		{DDC91CF6-9CBF-4933-9371-FDAC9E5DA66C} = {426324C7-2482-4537-9854-FC6783A0149E}
		{3EB1AFD9-D01B-4A93-A3CA-7C5BB82A0680} = {426324C7-2482-4537-9854-FC6783A0149E}
		{4A7D1331-7B65-425C-AB25-EE068F6CB6D6} = {426324C7-2482-4537-9854-FC6783A0149E}
	EndGlobalSection
	GlobalSection(ExtensibilityGlobals) = postSolution
		SolutionGuid = {0EEAC308-5837-465B-B831-6FDF71232529}
	EndGlobalSection
EndGlobal
